// !$*UTF8*$!
{
	archiveVersion = 1;
	classes = {
	};
	objectVersion = 46;
	objects = {

/* Begin PBXBuildFile section */
		B4C788EA15E7E6CD007B754A /* InfoPlist.strings in Resources */ = {isa = PBXBuildFile; fileRef = B4C788E815E7E6CD007B754A /* InfoPlist.strings */; };
		B4C788EC15E7E6CD007B754A /* PL2303.cpp in Sources */ = {isa = PBXBuildFile; fileRef = B4C788EB15E7E6CD007B754A /* PL2303.cpp */; };
/* End PBXBuildFile section */

/* Begin PBXFileReference section */
		B4C788E015E7E6CD007B754A /* nl.bjaelectronics.driver.PL2303.kext */ = {isa = PBXFileReference; explicitFileType = wrapper.cfbundle; includeInIndex = 0; path = nl.bjaelectronics.driver.PL2303.kext; sourceTree = BUILT_PRODUCTS_DIR; };
		B4C788E415E7E6CD007B754A /* Kernel.framework */ = {isa = PBXFileReference; lastKnownFileType = wrapper.framework; name = Kernel.framework; path = System/Library/Frameworks/Kernel.framework; sourceTree = SDKROOT; };
		B4C788E715E7E6CD007B754A /* nl.bjaelectronics.driver.PL2303-Info.plist */ = {isa = PBXFileReference; lastKnownFileType = text.plist.xml; path = "nl.bjaelectronics.driver.PL2303-Info.plist"; sourceTree = "<group>"; };
		B4C788E915E7E6CD007B754A /* en */ = {isa = PBXFileReference; lastKnownFileType = text.plist.strings; name = en; path = en.lproj/InfoPlist.strings; sourceTree = "<group>"; };
		B4C788EB15E7E6CD007B754A /* PL2303.cpp */ = {isa = PBXFileReference; lastKnownFileType = sourcecode.cpp.cpp; path = PL2303.cpp; sourceTree = "<group>"; };
		B4C788ED15E7E6CD007B754A /* nl.bjaelectronics.driver.PL2303-Prefix.pch */ = {isa = PBXFileReference; lastKnownFileType = sourcecode.c.h; path = "nl.bjaelectronics.driver.PL2303-Prefix.pch"; sourceTree = "<group>"; };
		B4C788F315E7E6F1007B754A /* PL2303.h */ = {isa = PBXFileReference; lastKnownFileType = sourcecode.c.h; path = PL2303.h; sourceTree = "<group>"; };
/* End PBXFileReference section */

/* Begin PBXFrameworksBuildPhase section */
		B4C788DB15E7E6CD007B754A /* Frameworks */ = {
			isa = PBXFrameworksBuildPhase;
			buildActionMask = 2147483647;
			files = (
			);
			runOnlyForDeploymentPostprocessing = 0;
		};
/* End PBXFrameworksBuildPhase section */

/* Begin PBXGroup section */
		B4C788D315E7E6CD007B754A = {
			isa = PBXGroup;
			children = (
				B4C788E515E7E6CD007B754A /* PL2303 */,
				B4C788E215E7E6CD007B754A /* Frameworks */,
				B4C788E115E7E6CD007B754A /* Products */,
			);
			sourceTree = "<group>";
		};
		B4C788E115E7E6CD007B754A /* Products */ = {
			isa = PBXGroup;
			children = (
				B4C788E015E7E6CD007B754A /* nl.bjaelectronics.driver.PL2303.kext */,
			);
			name = Products;
			sourceTree = "<group>";
		};
		B4C788E215E7E6CD007B754A /* Frameworks */ = {
			isa = PBXGroup;
			children = (
				B4C788E315E7E6CD007B754A /* Other Frameworks */,
			);
			name = Frameworks;
			sourceTree = "<group>";
		};
		B4C788E315E7E6CD007B754A /* Other Frameworks */ = {
			isa = PBXGroup;
			children = (
				B4C788E415E7E6CD007B754A /* Kernel.framework */,
			);
			name = "Other Frameworks";
			sourceTree = "<group>";
		};
		B4C788E515E7E6CD007B754A /* PL2303 */ = {
			isa = PBXGroup;
			children = (
				B4C788EB15E7E6CD007B754A /* PL2303.cpp */,
				B4C788E615E7E6CD007B754A /* Supporting Files */,
				B4C788F315E7E6F1007B754A /* PL2303.h */,
			);
			path = PL2303;
			sourceTree = "<group>";
		};
		B4C788E615E7E6CD007B754A /* Supporting Files */ = {
			isa = PBXGroup;
			children = (
				B4C788E715E7E6CD007B754A /* nl.bjaelectronics.driver.PL2303-Info.plist */,
				B4C788E815E7E6CD007B754A /* InfoPlist.strings */,
				B4C788ED15E7E6CD007B754A /* nl.bjaelectronics.driver.PL2303-Prefix.pch */,
			);
			name = "Supporting Files";
			sourceTree = "<group>";
		};
/* End PBXGroup section */

/* Begin PBXHeadersBuildPhase section */
		B4C788DC15E7E6CD007B754A /* Headers */ = {
			isa = PBXHeadersBuildPhase;
			buildActionMask = 2147483647;
			files = (
			);
			runOnlyForDeploymentPostprocessing = 0;
		};
/* End PBXHeadersBuildPhase section */

/* Begin PBXNativeTarget section */
		B4C788DF15E7E6CD007B754A /* nl.bjaelectronics.driver.PL2303 */ = {
			isa = PBXNativeTarget;
			buildConfigurationList = B4C788F015E7E6CD007B754A /* Build configuration list for PBXNativeTarget "nl.bjaelectronics.driver.PL2303" */;
			buildPhases = (
				B4C788DA15E7E6CD007B754A /* Sources */,
				B4C788DB15E7E6CD007B754A /* Frameworks */,
				B4C788DC15E7E6CD007B754A /* Headers */,
				B4C788DD15E7E6CD007B754A /* Resources */,
				B4C788DE15E7E6CD007B754A /* Rez */,
			);
			buildRules = (
			);
			dependencies = (
			);
			name = nl.bjaelectronics.driver.PL2303;
			productName = PL2303;
			productReference = B4C788E015E7E6CD007B754A /* nl.bjaelectronics.driver.PL2303.kext */;
			productType = "com.apple.product-type.kernel-extension";
		};
/* End PBXNativeTarget section */

/* Begin PBXProject section */
		B4C788D515E7E6CD007B754A /* Project object */ = {
			isa = PBXProject;
			attributes = {
				LastUpgradeCheck = 0510;
				ORGANIZATIONNAME = Sourceforge.net;
			};
			buildConfigurationList = B4C788D815E7E6CD007B754A /* Build configuration list for PBXProject "nl.bjaelectronics.driver.PL2303" */;
			compatibilityVersion = "Xcode 3.2";
			developmentRegion = English;
			hasScannedForEncodings = 0;
			knownRegions = (
				en,
			);
			mainGroup = B4C788D315E7E6CD007B754A;
			productRefGroup = B4C788E115E7E6CD007B754A /* Products */;
			projectDirPath = "";
			projectRoot = "";
			targets = (
				B4C788DF15E7E6CD007B754A /* nl.bjaelectronics.driver.PL2303 */,
			);
		};
/* End PBXProject section */

/* Begin PBXResourcesBuildPhase section */
		B4C788DD15E7E6CD007B754A /* Resources */ = {
			isa = PBXResourcesBuildPhase;
			buildActionMask = 2147483647;
			files = (
				B4C788EA15E7E6CD007B754A /* InfoPlist.strings in Resources */,
			);
			runOnlyForDeploymentPostprocessing = 0;
		};
/* End PBXResourcesBuildPhase section */

/* Begin PBXRezBuildPhase section */
		B4C788DE15E7E6CD007B754A /* Rez */ = {
			isa = PBXRezBuildPhase;
			buildActionMask = 2147483647;
			files = (
			);
			runOnlyForDeploymentPostprocessing = 0;
		};
/* End PBXRezBuildPhase section */

/* Begin PBXSourcesBuildPhase section */
		B4C788DA15E7E6CD007B754A /* Sources */ = {
			isa = PBXSourcesBuildPhase;
			buildActionMask = 2147483647;
			files = (
				B4C788EC15E7E6CD007B754A /* PL2303.cpp in Sources */,
			);
			runOnlyForDeploymentPostprocessing = 0;
		};
/* End PBXSourcesBuildPhase section */

/* Begin PBXVariantGroup section */
		B4C788E815E7E6CD007B754A /* InfoPlist.strings */ = {
			isa = PBXVariantGroup;
			children = (
				B4C788E915E7E6CD007B754A /* en */,
			);
			name = InfoPlist.strings;
			sourceTree = "<group>";
		};
/* End PBXVariantGroup section */

/* Begin XCBuildConfiguration section */
		B4C788EE15E7E6CD007B754A /* Debug */ = {
			isa = XCBuildConfiguration;
			buildSettings = {
				ALWAYS_SEARCH_USER_PATHS = NO;
				CLANG_CXX_LANGUAGE_STANDARD = "gnu++0x";
				CLANG_WARN__DUPLICATE_METHOD_MATCH = YES;
				CODE_SIGN_IDENTITY = "Mac Developer";
				COPY_PHASE_STRIP = NO;
				GCC_C_LANGUAGE_STANDARD = gnu99;
				GCC_DYNAMIC_NO_PIC = NO;
				GCC_ENABLE_OBJC_EXCEPTIONS = YES;
				GCC_OPTIMIZATION_LEVEL = 0;
				GCC_PREPROCESSOR_DEFINITIONS = (
					"DEBUG=1",
					"$(inherited)",
				);
				GCC_SYMBOLS_PRIVATE_EXTERN = NO;
				GCC_WARN_64_TO_32_BIT_CONVERSION = YES;
				GCC_WARN_ABOUT_RETURN_TYPE = YES;
				GCC_WARN_UNINITIALIZED_AUTOS = YES;
				GCC_WARN_UNUSED_VARIABLE = YES;
				MACOSX_DEPLOYMENT_TARGET = 10.8;
				ONLY_ACTIVE_ARCH = YES;
				PROVISIONING_PROFILE = "";
				SDKROOT = macosx;
			};
			name = Debug;
		};
		B4C788EF15E7E6CD007B754A /* Release */ = {
			isa = XCBuildConfiguration;
			buildSettings = {
				ALWAYS_SEARCH_USER_PATHS = NO;
				CLANG_CXX_LANGUAGE_STANDARD = "gnu++0x";
				CLANG_WARN__DUPLICATE_METHOD_MATCH = YES;
				CODE_SIGN_IDENTITY = "Mac Developer";
				COPY_PHASE_STRIP = YES;
				DEBUG_INFORMATION_FORMAT = "dwarf-with-dsym";
				GCC_C_LANGUAGE_STANDARD = gnu99;
				GCC_ENABLE_OBJC_EXCEPTIONS = YES;
				GCC_WARN_64_TO_32_BIT_CONVERSION = YES;
				GCC_WARN_ABOUT_RETURN_TYPE = YES;
				GCC_WARN_UNINITIALIZED_AUTOS = YES;
				GCC_WARN_UNUSED_VARIABLE = YES;
				MACOSX_DEPLOYMENT_TARGET = 10.8;
				PROVISIONING_PROFILE = "";
				SDKROOT = macosx;
			};
			name = Release;
		};
		B4C788F115E7E6CD007B754A /* Debug */ = {
			isa = XCBuildConfiguration;
			buildSettings = {
				CODE_SIGN_IDENTITY = "Developer ID Application: Mark Carey (88FC26PL93)";
				COMBINE_HIDPI_IMAGES = YES;
				GCC_ENABLE_CPP_EXCEPTIONS = YES;
				GCC_ENABLE_CPP_RTTI = YES;
				GCC_PRECOMPILE_PREFIX_HEADER = YES;
				GCC_PREFIX_HEADER = "PL2303/nl.bjaelectronics.driver.PL2303-Prefix.pch";
				GCC_VERSION = "";
				GCC_WARN_EFFECTIVE_CPLUSPLUS_VIOLATIONS = YES;
				INFOPLIST_FILE = "PL2303/nl.bjaelectronics.driver.PL2303-Info.plist";
				MODULE_NAME = net.sourceforge.pl2303.PL2303;
				MODULE_START = 0;
				MODULE_STOP = 0;
				MODULE_VERSION = 1.0.0d1;
				PRODUCT_NAME = nl.bjaelectronics.driver.PL2303;
				WRAPPER_EXTENSION = kext;
			};
			name = Debug;
		};
		B4C788F215E7E6CD007B754A /* Release */ = {
			isa = XCBuildConfiguration;
			buildSettings = {
				CODE_SIGN_IDENTITY = "Developer ID Application: Mark Carey (88FC26PL93)";
				COMBINE_HIDPI_IMAGES = YES;
				GCC_ENABLE_CPP_EXCEPTIONS = YES;
				GCC_ENABLE_CPP_RTTI = YES;
				GCC_PRECOMPILE_PREFIX_HEADER = YES;
				GCC_PREFIX_HEADER = "PL2303/nl.bjaelectronics.driver.PL2303-Prefix.pch";
				GCC_VERSION = "";
				GCC_WARN_EFFECTIVE_CPLUSPLUS_VIOLATIONS = YES;
				INFOPLIST_FILE = "PL2303/nl.bjaelectronics.driver.PL2303-Info.plist";
				MODULE_NAME = net.sourceforge.pl2303.PL2303;
				MODULE_START = 0;
				MODULE_STOP = 0;
				MODULE_VERSION = 1.0.0d1;
				PRODUCT_NAME = nl.bjaelectronics.driver.PL2303;
				WRAPPER_EXTENSION = kext;
			};
			name = Release;
		};
/* End XCBuildConfiguration section */

/* Begin XCConfigurationList section */
		B4C788D815E7E6CD007B754A /* Build configuration list for PBXProject "nl.bjaelectronics.driver.PL2303" */ = {
			isa = XCConfigurationList;
			buildConfigurations = (
				B4C788EE15E7E6CD007B754A /* Debug */,
				B4C788EF15E7E6CD007B754A /* Release */,
			);
			defaultConfigurationIsVisible = 0;
			defaultConfigurationName = Release;
		};
		B4C788F015E7E6CD007B754A /* Build configuration list for PBXNativeTarget "nl.bjaelectronics.driver.PL2303" */ = {
			isa = XCConfigurationList;
			buildConfigurations = (
				B4C788F115E7E6CD007B754A /* Debug */,
				B4C788F215E7E6CD007B754A /* Release */,
			);
			defaultConfigurationIsVisible = 0;
			defaultConfigurationName = Release;
		};
/* End XCConfigurationList section */
	};
	rootObject = B4C788D515E7E6CD007B754A /* Project object */;
}
